
Microsoft Visual Studio Solution File, Format Version 12.00
# Visual Studio Version 17
VisualStudioVersion = 17.8.34330.188
MinimumVisualStudioVersion = 10.0.40219.1
Project("{2150E333-8FDC-42A3-9474-1A3956D46DE8}") = "src", "src", "{2C02FFC3-3319-410D-B0A3-F7A302856A7E}"
EndProject
Project("{2150E333-8FDC-42A3-9474-1A3956D46DE8}") = "tests", "tests", "{3F79C971-500D-4703-916B-420A8F1F4234}"
	ProjectSection(SolutionItems) = preProject
		GlobalUsings.cs = GlobalUsings.cs
	EndProjectSection
EndProject
Project("{9A19103F-16F7-4668-BE54-9A1E7A4F7556}") = "Application", "src\Application\Application.csproj", "{740EC606-DAF3-42F0-9870-3F80EA5A3B3B}"
EndProject
Project("{9A19103F-16F7-4668-BE54-9A1E7A4F7556}") = "Domain", "src\Domain\Domain.csproj", "{FE3D40DF-26BA-446D-8DD8-E86D324CFEB9}"
EndProject
Project("{9A19103F-16F7-4668-BE54-9A1E7A4F7556}") = "Infrastructure", "src\Infrastructure\Infrastructure.csproj", "{9A7996E3-73B3-4CA4-B168-441F558CDEAE}"
EndProject
Project("{2150E333-8FDC-42A3-9474-1A3956D46DE8}") = "UI", "UI", "{26B1641E-819C-4458-97C3-0A4ED1F8F2C8}"
EndProject
Project("{9A19103F-16F7-4668-BE54-9A1E7A4F7556}") = "CLI", "src\UI\CLI\CLI.csproj", "{261D6605-DCD9-45C9-BFCF-DBBAF0813783}"
EndProject
Project("{9A19103F-16F7-4668-BE54-9A1E7A4F7556}") = "Application.Tests", "tests\Application.Tests\Application.Tests.csproj", "{E7AB0F57-0838-4364-840B-7610646B6AC6}"
EndProject
Project("{9A19103F-16F7-4668-BE54-9A1E7A4F7556}") = "Domain.Tests", "tests\Domain.Tests\Domain.Tests.csproj", "{19F8C27E-3D52-49B2-B8DF-6DE1395334A5}"
EndProject
Project("{9A19103F-16F7-4668-BE54-9A1E7A4F7556}") = "Infrastructure.Tests", "tests\Infrastructure.Tests\Infrastructure.Tests.csproj", "{321F2511-05F0-40D7-BB24-ECEC325A06EE}"
EndProject
Global
	GlobalSection(SolutionConfigurationPlatforms) = preSolution
		Debug|Any CPU = Debug|Any CPU
		Release|Any CPU = Release|Any CPU
	EndGlobalSection
	GlobalSection(ProjectConfigurationPlatforms) = postSolution
		{740EC606-DAF3-42F0-9870-3F80EA5A3B3B}.Debug|Any CPU.ActiveCfg = Debug|Any CPU
		{740EC606-DAF3-42F0-9870-3F80EA5A3B3B}.Debug|Any CPU.Build.0 = Debug|Any CPU
		{740EC606-DAF3-42F0-9870-3F80EA5A3B3B}.Release|Any CPU.ActiveCfg = Release|Any CPU
		{740EC606-DAF3-42F0-9870-3F80EA5A3B3B}.Release|Any CPU.Build.0 = Release|Any CPU
		{FE3D40DF-26BA-446D-8DD8-E86D324CFEB9}.Debug|Any CPU.ActiveCfg = Debug|Any CPU
		{FE3D40DF-26BA-446D-8DD8-E86D324CFEB9}.Debug|Any CPU.Build.0 = Debug|Any CPU
		{FE3D40DF-26BA-446D-8DD8-E86D324CFEB9}.Release|Any CPU.ActiveCfg = Release|Any CPU
		{FE3D40DF-26BA-446D-8DD8-E86D324CFEB9}.Release|Any CPU.Build.0 = Release|Any CPU
		{9A7996E3-73B3-4CA4-B168-441F558CDEAE}.Debug|Any CPU.ActiveCfg = Debug|Any CPU
		{9A7996E3-73B3-4CA4-B168-441F558CDEAE}.Debug|Any CPU.Build.0 = Debug|Any CPU
		{9A7996E3-73B3-4CA4-B168-441F558CDEAE}.Release|Any CPU.ActiveCfg = Release|Any CPU
		{9A7996E3-73B3-4CA4-B168-441F558CDEAE}.Release|Any CPU.Build.0 = Release|Any CPU
		{261D6605-DCD9-45C9-BFCF-DBBAF0813783}.Debug|Any CPU.ActiveCfg = Debug|Any CPU
		{261D6605-DCD9-45C9-BFCF-DBBAF0813783}.Debug|Any CPU.Build.0 = Debug|Any CPU
		{261D6605-DCD9-45C9-BFCF-DBBAF0813783}.Release|Any CPU.ActiveCfg = Release|Any CPU
		{261D6605-DCD9-45C9-BFCF-DBBAF0813783}.Release|Any CPU.Build.0 = Release|Any CPU
		{E7AB0F57-0838-4364-840B-7610646B6AC6}.Debug|Any CPU.ActiveCfg = Debug|Any CPU
		{E7AB0F57-0838-4364-840B-7610646B6AC6}.Debug|Any CPU.Build.0 = Debug|Any CPU
		{E7AB0F57-0838-4364-840B-7610646B6AC6}.Release|Any CPU.ActiveCfg = Release|Any CPU
		{E7AB0F57-0838-4364-840B-7610646B6AC6}.Release|Any CPU.Build.0 = Release|Any CPU
		{19F8C27E-3D52-49B2-B8DF-6DE1395334A5}.Debug|Any CPU.ActiveCfg = Debug|Any CPU
		{19F8C27E-3D52-49B2-B8DF-6DE1395334A5}.Debug|Any CPU.Build.0 = Debug|Any CPU
		{19F8C27E-3D52-49B2-B8DF-6DE1395334A5}.Release|Any CPU.ActiveCfg = Release|Any CPU
		{19F8C27E-3D52-49B2-B8DF-6DE1395334A5}.Release|Any CPU.Build.0 = Release|Any CPU
		{321F2511-05F0-40D7-BB24-ECEC325A06EE}.Debug|Any CPU.ActiveCfg = Debug|Any CPU
		{321F2511-05F0-40D7-BB24-ECEC325A06EE}.Debug|Any CPU.Build.0 = Debug|Any CPU
		{321F2511-05F0-40D7-BB24-ECEC325A06EE}.Release|Any CPU.ActiveCfg = Release|Any CPU
		{321F2511-05F0-40D7-BB24-ECEC325A06EE}.Release|Any CPU.Build.0 = Release|Any CPU
	EndGlobalSection
	GlobalSection(SolutionProperties) = preSolution
		HideSolutionNode = FALSE
	EndGlobalSection
	GlobalSection(NestedProjects) = preSolution
		{740EC606-DAF3-42F0-9870-3F80EA5A3B3B} = {2C02FFC3-3319-410D-B0A3-F7A302856A7E}
		{FE3D40DF-26BA-446D-8DD8-E86D324CFEB9} = {2C02FFC3-3319-410D-B0A3-F7A302856A7E}
		{9A7996E3-73B3-4CA4-B168-441F558CDEAE} = {2C02FFC3-3319-410D-B0A3-F7A302856A7E}
		{26B1641E-819C-4458-97C3-0A4ED1F8F2C8} = {2C02FFC3-3319-410D-B0A3-F7A302856A7E}
		{261D6605-DCD9-45C9-BFCF-DBBAF0813783} = {26B1641E-819C-4458-97C3-0A4ED1F8F2C8}
		{E7AB0F57-0838-4364-840B-7610646B6AC6} = {3F79C971-500D-4703-916B-420A8F1F4234}
		{19F8C27E-3D52-49B2-B8DF-6DE1395334A5} = {3F79C971-500D-4703-916B-420A8F1F4234}
		{321F2511-05F0-40D7-BB24-ECEC325A06EE} = {3F79C971-500D-4703-916B-420A8F1F4234}
	EndGlobalSection
	GlobalSection(ExtensibilityGlobals) = postSolution
		SolutionGuid = {DD0D184D-B930-4076-90EC-47B1EA687AA5}
	EndGlobalSection
EndGlobal
